
Microsoft Visual Studio Solution File, Format Version 12.00
# Visual Studio Version 17
VisualStudioVersion = 17.10.35027.167
MinimumVisualStudioVersion = 10.0.40219.1
Project("{9A19103F-16F7-4668-BE54-9A1E7A4F7556}") = "SistemainventarioV6", "SistemainventarioV6\SistemainventarioV6.csproj", "{54C409CD-298C-4A17-BD01-C73C7B6AD115}"
EndProject
Project("{FAE04EC0-301F-11D3-BF4B-00C04F79EFBC}") = "SistemainventarioV6.AccesoDatos", "SistemainventarioV6.AccesoDatos\SistemainventarioV6.AccesoDatos.csproj", "{F1B20B33-B226-45D9-B051-FF4DFCF3220D}"
EndProject
Project("{FAE04EC0-301F-11D3-BF4B-00C04F79EFBC}") = "SistemainventarioV6.Modelos", "SistemainventarioV6.Modelos\SistemainventarioV6.Modelos.csproj", "{5257FB5E-E855-400F-BEA9-1EC55AC1A36C}"
EndProject
Project("{FAE04EC0-301F-11D3-BF4B-00C04F79EFBC}") = "SistemainventarioV6.Utilidades", "SistemainventarioV6.Utilidades\SistemainventarioV6.Utilidades.csproj", "{2F8E0C80-8D61-49C1-83C4-10CBE0D47E83}"
EndProject
Global
	GlobalSection(SolutionConfigurationPlatforms) = preSolution
		Debug|Any CPU = Debug|Any CPU
		Release|Any CPU = Release|Any CPU
	EndGlobalSection
	GlobalSection(ProjectConfigurationPlatforms) = postSolution
		{54C409CD-298C-4A17-BD01-C73C7B6AD115}.Debug|Any CPU.ActiveCfg = Debug|Any CPU
		{54C409CD-298C-4A17-BD01-C73C7B6AD115}.Debug|Any CPU.Build.0 = Debug|Any CPU
		{54C409CD-298C-4A17-BD01-C73C7B6AD115}.Release|Any CPU.ActiveCfg = Release|Any CPU
		{54C409CD-298C-4A17-BD01-C73C7B6AD115}.Release|Any CPU.Build.0 = Release|Any CPU
		{F1B20B33-B226-45D9-B051-FF4DFCF3220D}.Debug|Any CPU.ActiveCfg = Debug|Any CPU
		{F1B20B33-B226-45D9-B051-FF4DFCF3220D}.Debug|Any CPU.Build.0 = Debug|Any CPU
		{F1B20B33-B226-45D9-B051-FF4DFCF3220D}.Release|Any CPU.ActiveCfg = Release|Any CPU
		{F1B20B33-B226-45D9-B051-FF4DFCF3220D}.Release|Any CPU.Build.0 = Release|Any CPU
		{5257FB5E-E855-400F-BEA9-1EC55AC1A36C}.Debug|Any CPU.ActiveCfg = Debug|Any CPU
		{5257FB5E-E855-400F-BEA9-1EC55AC1A36C}.Debug|Any CPU.Build.0 = Debug|Any CPU
		{5257FB5E-E855-400F-BEA9-1EC55AC1A36C}.Release|Any CPU.ActiveCfg = Release|Any CPU
		{5257FB5E-E855-400F-BEA9-1EC55AC1A36C}.Release|Any CPU.Build.0 = Release|Any CPU
		{2F8E0C80-8D61-49C1-83C4-10CBE0D47E83}.Debug|Any CPU.ActiveCfg = Debug|Any CPU
		{2F8E0C80-8D61-49C1-83C4-10CBE0D47E83}.Debug|Any CPU.Build.0 = Debug|Any CPU
		{2F8E0C80-8D61-49C1-83C4-10CBE0D47E83}.Release|Any CPU.ActiveCfg = Release|Any CPU
		{2F8E0C80-8D61-49C1-83C4-10CBE0D47E83}.Release|Any CPU.Build.0 = Release|Any CPU
	EndGlobalSection
	GlobalSection(SolutionProperties) = preSolution
		HideSolutionNode = FALSE
	EndGlobalSection
	GlobalSection(ExtensibilityGlobals) = postSolution
		SolutionGuid = {7C240A0E-71D3-4B24-96F0-7198BDF45DE0}
	EndGlobalSection
EndGlobal
